# This file is autogenerated, do not edit; changes may be undone by the next 'dep ensure'.


[[projects]]
  digest = "1:9b44168af6fa7df532e80eac56a065997bf99199a060ab852773abb7f3c6d188"
  name = "github.com/labstack/echo"
  packages = ["."]
  pruneopts = "UT"
  revision = "a2e7085094bda23a674c887f0e93f4a15245c439"
  version = "v4.11.1"

[[projects]]
  digest = "1:358ca6e7b38fcebbc6c0fe869a01f8131f806eec0c09bb80b155a20c102a8ebc"
  name = "github.com/labstack/gommon"
  packages = [
    "color",
    "log",
  ]
  pruneopts = "UT"
  revision = "6267eb7480ded0b4c030ca5e7320417281bb4cd6"
  version = "v0.4.0"

[[projects]]
  digest = "1:0299da337d6671be3dddddd785f2af0247675f0331679cbbe929cc9e874335b4"
  name = "github.com/mattn/go-colorable"
  packages = ["."]
  pruneopts = "UT"
  revision = "11a925cff3d38c293ddc8c05a16b504e3e2c63be"
  version = "v0.1.13"

[[projects]]
  digest = "1:6727a9111d5d5f6ce38e21211ad7e449769136f49df899523528135fcfaae0c3"
  name = "github.com/mattn/go-isatty"
  packages = ["."]
  pruneopts = "UT"
  revision = "c067b4f3df49dfc0f376d884e16cfd784ea1874b"
  version = "v0.0.19"

[[projects]]
  digest = "1:c468422f334a6b46a19448ad59aaffdfc0a36b08fdcc1c749a0b29b6453d7e59"
  name = "github.com/valyala/bytebufferpool"
  packages = ["."]
  pruneopts = "UT"
  revision = "e746df99fe4a3986f4d4f79e13c1e0117ce9c2f7"
  version = "v1.0.0"

[[projects]]
  digest = "1:39cf479e5dce68ecb40775bff6cf7aff9210bcdee9fac5dc210c7f91d29caafc"
  name = "github.com/valyala/fasttemplate"
  packages = ["."]
  pruneopts = "UT"
  revision = "2a2d1afadadf9715bfa19683cdaeac8347e5d9f9"
  version = "v1.2.2"

[[projects]]
  digest = "1:4f069cb7e49920c9801ea1387be15075b5660c47bd545660c897be59ddcd00c2"
  name = "golang.org/x/crypto"
  packages = [
    "acme",
    "acme/autocert",
  ]
  pruneopts = "UT"
  revision = "e3cc52e598e302f8c613a645bb7231264d8ec995"
  version = "v0.14.0"

[[projects]]
  digest = "1:a71ca9b43737fdb802c1c2a52c4d903c4922df43a1e06ff0dc91fdeccfe25f60"
  name = "golang.org/x/net"
  packages = [
    "http/httpguts",
    "http2",
    "http2/h2c",
    "http2/hpack",
    "idna",
  ]
  pruneopts = "UT"
  revision = "88194ad8ab44a02ea952c169883c3f57db6cf9f4"
  version = "v0.16.0"

[[projects]]
  digest = "1:69587fefa1116146fd741d44331cd36736de857b4bcacc5071a3e7f9723be9e8"
  name = "golang.org/x/sys"
  packages = ["unix"]
  pruneopts = "UT"
  revision = "2964e1e4b1dbd55a8ac69a4c9e3004a8038515b6"
  version = "v0.13.0"

[[projects]]
  digest = "1:bcb0fe7a781cdf8e7e080f4536357d9f4e3a0b06d82b1b370ca1f287cb4bfc6e"
  name = "golang.org/x/text"
  packages = [
    "collate",
    "collate/build",
    "internal/colltab",
    "internal/gen",
    "internal/language",
    "internal/language/compact",
    "internal/tag",
    "internal/triegen",
    "internal/ucd",
    "language",
    "secure/bidirule",
    "transform",
    "unicode/bidi",
    "unicode/cldr",
    "unicode/norm",
    "unicode/rangetable",
  ]
  pruneopts = "UT"
  revision = "f488e191e67ed95a5b9b7b39024e5a5f5f1ffd02"
  version = "v0.13.0"

[solve-meta]
  analyzer-name = "dep"
  analyzer-version = 1
  input-imports = ["github.com/labstack/echo"]
  solver-name = "gps-cdcl"
  solver-version = 1
